
Microsoft Visual Studio Solution File, Format Version 12.00
# Visual Studio Version 16
VisualStudioVersion = 16.0.30204.135
MinimumVisualStudioVersion = 10.0.40219.1
Project("{2150E333-8FDC-42A3-9474-1A3956D46DE8}") = "1.UI", "1.UI", "{A734EA5D-0FCC-4217-8DC2-D50175B5F4A4}"
EndProject
Project("{2150E333-8FDC-42A3-9474-1A3956D46DE8}") = "2.Application", "2.Application", "{9171733C-F599-487D-956B-316FA95377B5}"
EndProject
Project("{2150E333-8FDC-42A3-9474-1A3956D46DE8}") = "3.Domain", "3.Domain", "{358E2573-E7B8-4F20-A341-A8B6445E1E9E}"
EndProject
Project("{2150E333-8FDC-42A3-9474-1A3956D46DE8}") = "4.Infrastructure", "4.Infrastructure", "{9B496D30-6330-4832-9360-F2F7D7BB2A26}"
EndProject
Project("{2150E333-8FDC-42A3-9474-1A3956D46DE8}") = "5.Other", "5.Other", "{4A19D669-4AA8-4315-82B5-81ABB994FA7C}"
EndProject
Project("{9A19103F-16F7-4668-BE54-9A1E7A4F7556}") = "Gm.EfCore", "Gm.EfCore\Gm.EfCore.csproj", "{E6AF7DCF-26D3-439B-8EC5-EFD776F2FD80}"
EndProject
Project("{2150E333-8FDC-42A3-9474-1A3956D46DE8}") = "account", "account", "{D9CE7DFB-A3B2-4F90-96B3-4FD90538EB8D}"
EndProject
Project("{2150E333-8FDC-42A3-9474-1A3956D46DE8}") = "tenant", "tenant", "{F98E8E94-5E7B-4455-8651-FBB9B04F13B8}"
EndProject
Project("{9A19103F-16F7-4668-BE54-9A1E7A4F7556}") = "Gm.Account.Application", "Gm.Account.Application\Gm.Account.Application.csproj", "{E61CE37A-9578-40C2-8309-97B0FC6CBEFA}"
EndProject
Project("{9A19103F-16F7-4668-BE54-9A1E7A4F7556}") = "Gm.Account.Application.Contracts", "Gm.Account.Contracts\Gm.Account.Application.Contracts.csproj", "{3FBB4141-4788-48D3-A23C-707115645772}"
EndProject
Project("{9A19103F-16F7-4668-BE54-9A1E7A4F7556}") = "Gm.Tenant.Application", "Gm.Tenant.Application\Gm.Tenant.Application.csproj", "{21A18F72-E8BB-4053-A711-783177077643}"
EndProject
Project("{9A19103F-16F7-4668-BE54-9A1E7A4F7556}") = "Gm.Tenant.Application.Contracts", "Gm.Tenant.Contracts\Gm.Tenant.Application.Contracts.csproj", "{AFDDF663-54FC-411F-925C-DF086334F37F}"
EndProject
Project("{2150E333-8FDC-42A3-9474-1A3956D46DE8}") = "repository", "repository", "{8C8A6800-4414-46A2-BC94-41FE0CBB5029}"
EndProject
Project("{9A19103F-16F7-4668-BE54-9A1E7A4F7556}") = "Gm.Domain", "Gm.Domain\Gm.Domain.csproj", "{AFA8065C-8525-44CF-9F5F-514234013424}"
EndProject
Project("{9A19103F-16F7-4668-BE54-9A1E7A4F7556}") = "Gm.EfCore.MigrationsForMySql", "Gm.EfCore.MigrationsForMySql\Gm.EfCore.MigrationsForMySql.csproj", "{CDB5E706-2DFC-49E2-9FDC-59F5D2E86F27}"
EndProject
Project("{9A19103F-16F7-4668-BE54-9A1E7A4F7556}") = "Gm.DbMigrator", "Gm.DbMigrator\Gm.DbMigrator.csproj", "{948DFDDF-DFEE-45D3-8B7E-2E48937E379F}"
EndProject
Global
	GlobalSection(SolutionConfigurationPlatforms) = preSolution
		Debug|Any CPU = Debug|Any CPU
		Release|Any CPU = Release|Any CPU
	EndGlobalSection
	GlobalSection(ProjectConfigurationPlatforms) = postSolution
		{E6AF7DCF-26D3-439B-8EC5-EFD776F2FD80}.Debug|Any CPU.ActiveCfg = Debug|Any CPU
		{E6AF7DCF-26D3-439B-8EC5-EFD776F2FD80}.Debug|Any CPU.Build.0 = Debug|Any CPU
		{E6AF7DCF-26D3-439B-8EC5-EFD776F2FD80}.Release|Any CPU.ActiveCfg = Release|Any CPU
		{E6AF7DCF-26D3-439B-8EC5-EFD776F2FD80}.Release|Any CPU.Build.0 = Release|Any CPU
		{E61CE37A-9578-40C2-8309-97B0FC6CBEFA}.Debug|Any CPU.ActiveCfg = Debug|Any CPU
		{E61CE37A-9578-40C2-8309-97B0FC6CBEFA}.Debug|Any CPU.Build.0 = Debug|Any CPU
		{E61CE37A-9578-40C2-8309-97B0FC6CBEFA}.Release|Any CPU.ActiveCfg = Release|Any CPU
		{E61CE37A-9578-40C2-8309-97B0FC6CBEFA}.Release|Any CPU.Build.0 = Release|Any CPU
		{3FBB4141-4788-48D3-A23C-707115645772}.Debug|Any CPU.ActiveCfg = Debug|Any CPU
		{3FBB4141-4788-48D3-A23C-707115645772}.Debug|Any CPU.Build.0 = Debug|Any CPU
		{3FBB4141-4788-48D3-A23C-707115645772}.Release|Any CPU.ActiveCfg = Release|Any CPU
		{3FBB4141-4788-48D3-A23C-707115645772}.Release|Any CPU.Build.0 = Release|Any CPU
		{21A18F72-E8BB-4053-A711-783177077643}.Debug|Any CPU.ActiveCfg = Debug|Any CPU
		{21A18F72-E8BB-4053-A711-783177077643}.Debug|Any CPU.Build.0 = Debug|Any CPU
		{21A18F72-E8BB-4053-A711-783177077643}.Release|Any CPU.ActiveCfg = Release|Any CPU
		{21A18F72-E8BB-4053-A711-783177077643}.Release|Any CPU.Build.0 = Release|Any CPU
		{AFDDF663-54FC-411F-925C-DF086334F37F}.Debug|Any CPU.ActiveCfg = Debug|Any CPU
		{AFDDF663-54FC-411F-925C-DF086334F37F}.Debug|Any CPU.Build.0 = Debug|Any CPU
		{AFDDF663-54FC-411F-925C-DF086334F37F}.Release|Any CPU.ActiveCfg = Release|Any CPU
		{AFDDF663-54FC-411F-925C-DF086334F37F}.Release|Any CPU.Build.0 = Release|Any CPU
		{AFA8065C-8525-44CF-9F5F-514234013424}.Debug|Any CPU.ActiveCfg = Debug|Any CPU
		{AFA8065C-8525-44CF-9F5F-514234013424}.Debug|Any CPU.Build.0 = Debug|Any CPU
		{AFA8065C-8525-44CF-9F5F-514234013424}.Release|Any CPU.ActiveCfg = Release|Any CPU
		{AFA8065C-8525-44CF-9F5F-514234013424}.Release|Any CPU.Build.0 = Release|Any CPU
		{CDB5E706-2DFC-49E2-9FDC-59F5D2E86F27}.Debug|Any CPU.ActiveCfg = Debug|Any CPU
		{CDB5E706-2DFC-49E2-9FDC-59F5D2E86F27}.Debug|Any CPU.Build.0 = Debug|Any CPU
		{CDB5E706-2DFC-49E2-9FDC-59F5D2E86F27}.Release|Any CPU.ActiveCfg = Release|Any CPU
		{CDB5E706-2DFC-49E2-9FDC-59F5D2E86F27}.Release|Any CPU.Build.0 = Release|Any CPU
		{948DFDDF-DFEE-45D3-8B7E-2E48937E379F}.Debug|Any CPU.ActiveCfg = Debug|Any CPU
		{948DFDDF-DFEE-45D3-8B7E-2E48937E379F}.Debug|Any CPU.Build.0 = Debug|Any CPU
		{948DFDDF-DFEE-45D3-8B7E-2E48937E379F}.Release|Any CPU.ActiveCfg = Release|Any CPU
		{948DFDDF-DFEE-45D3-8B7E-2E48937E379F}.Release|Any CPU.Build.0 = Release|Any CPU
	EndGlobalSection
	GlobalSection(SolutionProperties) = preSolution
		HideSolutionNode = FALSE
	EndGlobalSection
	GlobalSection(NestedProjects) = preSolution
		{E6AF7DCF-26D3-439B-8EC5-EFD776F2FD80} = {8C8A6800-4414-46A2-BC94-41FE0CBB5029}
		{D9CE7DFB-A3B2-4F90-96B3-4FD90538EB8D} = {9171733C-F599-487D-956B-316FA95377B5}
		{F98E8E94-5E7B-4455-8651-FBB9B04F13B8} = {9171733C-F599-487D-956B-316FA95377B5}
		{E61CE37A-9578-40C2-8309-97B0FC6CBEFA} = {D9CE7DFB-A3B2-4F90-96B3-4FD90538EB8D}
		{3FBB4141-4788-48D3-A23C-707115645772} = {D9CE7DFB-A3B2-4F90-96B3-4FD90538EB8D}
		{21A18F72-E8BB-4053-A711-783177077643} = {F98E8E94-5E7B-4455-8651-FBB9B04F13B8}
		{AFDDF663-54FC-411F-925C-DF086334F37F} = {F98E8E94-5E7B-4455-8651-FBB9B04F13B8}
		{8C8A6800-4414-46A2-BC94-41FE0CBB5029} = {9B496D30-6330-4832-9360-F2F7D7BB2A26}
		{AFA8065C-8525-44CF-9F5F-514234013424} = {358E2573-E7B8-4F20-A341-A8B6445E1E9E}
		{CDB5E706-2DFC-49E2-9FDC-59F5D2E86F27} = {8C8A6800-4414-46A2-BC94-41FE0CBB5029}
		{948DFDDF-DFEE-45D3-8B7E-2E48937E379F} = {8C8A6800-4414-46A2-BC94-41FE0CBB5029}
	EndGlobalSection
	GlobalSection(ExtensibilityGlobals) = postSolution
		SolutionGuid = {3D6AF8FF-352B-4A34-AE97-F014EC25409E}
	EndGlobalSection
EndGlobal
